
Microsoft Visual Studio Solution File, Format Version 12.00
# Visual Studio Version 17
VisualStudioVersion = 17.7.34003.232
MinimumVisualStudioVersion = 10.0.40219.1
Project("{FAE04EC0-301F-11D3-BF4B-00C04F79EFBC}") = "Uppgift 4.4", "Uppgift 4.4\Uppgift 4.4.csproj", "{318AF471-4BE7-41FC-8DF5-F43601B55019}"
EndProject
Global
	GlobalSection(SolutionConfigurationPlatforms) = preSolution
		Debug|Any CPU = Debug|Any CPU
		Release|Any CPU = Release|Any CPU
	EndGlobalSection
	GlobalSection(ProjectConfigurationPlatforms) = postSolution
		{318AF471-4BE7-41FC-8DF5-F43601B55019}.Debug|Any CPU.ActiveCfg = Debug|Any CPU
		{318AF471-4BE7-41FC-8DF5-F43601B55019}.Debug|Any CPU.Build.0 = Debug|Any CPU
		{318AF471-4BE7-41FC-8DF5-F43601B55019}.Release|Any CPU.ActiveCfg = Release|Any CPU
		{318AF471-4BE7-41FC-8DF5-F43601B55019}.Release|Any CPU.Build.0 = Release|Any CPU
	EndGlobalSection
	GlobalSection(SolutionProperties) = preSolution
		HideSolutionNode = FALSE
	EndGlobalSection
	GlobalSection(ExtensibilityGlobals) = postSolution
		SolutionGuid = {F5338621-A47C-429A-89F5-5FA4BE84746B}
	EndGlobalSection
EndGlobal
